
Microsoft Visual Studio Solution File, Format Version 12.00
# Visual Studio Version 17
VisualStudioVersion = 17.0.31903.59
MinimumVisualStudioVersion = 10.0.40219.1
Project("{2150E333-8FDC-42A3-9474-1A3956D46DE8}") = "src", "src", "{827E0CD3-B72D-47B6-A68D-7590B98EB39B}"
EndProject
Project("{FAE04EC0-301F-11D3-BF4B-00C04F79EFBC}") = "PlantOS.Telemetry.Contracts", "src\PlantOS.Telemetry.Contracts\PlantOS.Telemetry.Contracts.csproj", "{C3C341A2-1F5C-4B49-93AC-FFB164DD69BA}"
EndProject
Project("{FAE04EC0-301F-11D3-BF4B-00C04F79EFBC}") = "PlantOS.MachineSimulator", "src\PlantOS.MachineSimulator\PlantOS.MachineSimulator.csproj", "{FE64EDAC-16FB-4563-883D-85918ACB7676}"
EndProject
Project("{2150E333-8FDC-42A3-9474-1A3956D46DE8}") = "tests", "tests", "{0AB3BF05-4346-4AA6-1389-037BE0695223}"
EndProject
Project("{FAE04EC0-301F-11D3-BF4B-00C04F79EFBC}") = "PlantOS.MachineSimulator.Tests", "tests\PlantOS.MachineSimulator.Tests\PlantOS.MachineSimulator.Tests.csproj", "{33EAAA20-E21E-433A-9198-4DA173F356C5}"
EndProject
Global
	GlobalSection(SolutionConfigurationPlatforms) = preSolution
		Debug|Any CPU = Debug|Any CPU
		Debug|x64 = Debug|x64
		Debug|x86 = Debug|x86
		Release|Any CPU = Release|Any CPU
		Release|x64 = Release|x64
		Release|x86 = Release|x86
	EndGlobalSection
	GlobalSection(ProjectConfigurationPlatforms) = postSolution
		{C3C341A2-1F5C-4B49-93AC-FFB164DD69BA}.Debug|Any CPU.ActiveCfg = Debug|Any CPU
		{C3C341A2-1F5C-4B49-93AC-FFB164DD69BA}.Debug|Any CPU.Build.0 = Debug|Any CPU
		{C3C341A2-1F5C-4B49-93AC-FFB164DD69BA}.Debug|x64.ActiveCfg = Debug|Any CPU
		{C3C341A2-1F5C-4B49-93AC-FFB164DD69BA}.Debug|x64.Build.0 = Debug|Any CPU
		{C3C341A2-1F5C-4B49-93AC-FFB164DD69BA}.Debug|x86.ActiveCfg = Debug|Any CPU
		{C3C341A2-1F5C-4B49-93AC-FFB164DD69BA}.Debug|x86.Build.0 = Debug|Any CPU
		{C3C341A2-1F5C-4B49-93AC-FFB164DD69BA}.Release|Any CPU.ActiveCfg = Release|Any CPU
		{C3C341A2-1F5C-4B49-93AC-FFB164DD69BA}.Release|Any CPU.Build.0 = Release|Any CPU
		{C3C341A2-1F5C-4B49-93AC-FFB164DD69BA}.Release|x64.ActiveCfg = Release|Any CPU
		{C3C341A2-1F5C-4B49-93AC-FFB164DD69BA}.Release|x64.Build.0 = Release|Any CPU
		{C3C341A2-1F5C-4B49-93AC-FFB164DD69BA}.Release|x86.ActiveCfg = Release|Any CPU
		{C3C341A2-1F5C-4B49-93AC-FFB164DD69BA}.Release|x86.Build.0 = Release|Any CPU
		{FE64EDAC-16FB-4563-883D-85918ACB7676}.Debug|Any CPU.ActiveCfg = Debug|Any CPU
		{FE64EDAC-16FB-4563-883D-85918ACB7676}.Debug|Any CPU.Build.0 = Debug|Any CPU
		{FE64EDAC-16FB-4563-883D-85918ACB7676}.Debug|x64.ActiveCfg = Debug|Any CPU
		{FE64EDAC-16FB-4563-883D-85918ACB7676}.Debug|x64.Build.0 = Debug|Any CPU
		{FE64EDAC-16FB-4563-883D-85918ACB7676}.Debug|x86.ActiveCfg = Debug|Any CPU
		{FE64EDAC-16FB-4563-883D-85918ACB7676}.Debug|x86.Build.0 = Debug|Any CPU
		{FE64EDAC-16FB-4563-883D-85918ACB7676}.Release|Any CPU.ActiveCfg = Release|Any CPU
		{FE64EDAC-16FB-4563-883D-85918ACB7676}.Release|Any CPU.Build.0 = Release|Any CPU
		{FE64EDAC-16FB-4563-883D-85918ACB7676}.Release|x64.ActiveCfg = Release|Any CPU
		{FE64EDAC-16FB-4563-883D-85918ACB7676}.Release|x64.Build.0 = Release|Any CPU
		{FE64EDAC-16FB-4563-883D-85918ACB7676}.Release|x86.ActiveCfg = Release|Any CPU
		{FE64EDAC-16FB-4563-883D-85918ACB7676}.Release|x86.Build.0 = Release|Any CPU
		{33EAAA20-E21E-433A-9198-4DA173F356C5}.Debug|Any CPU.ActiveCfg = Debug|Any CPU
		{33EAAA20-E21E-433A-9198-4DA173F356C5}.Debug|Any CPU.Build.0 = Debug|Any CPU
		{33EAAA20-E21E-433A-9198-4DA173F356C5}.Debug|x64.ActiveCfg = Debug|Any CPU
		{33EAAA20-E21E-433A-9198-4DA173F356C5}.Debug|x64.Build.0 = Debug|Any CPU
		{33EAAA20-E21E-433A-9198-4DA173F356C5}.Debug|x86.ActiveCfg = Debug|Any CPU
		{33EAAA20-E21E-433A-9198-4DA173F356C5}.Debug|x86.Build.0 = Debug|Any CPU
		{33EAAA20-E21E-433A-9198-4DA173F356C5}.Release|Any CPU.ActiveCfg = Release|Any CPU
		{33EAAA20-E21E-433A-9198-4DA173F356C5}.Release|Any CPU.Build.0 = Release|Any CPU
		{33EAAA20-E21E-433A-9198-4DA173F356C5}.Release|x64.ActiveCfg = Release|Any CPU
		{33EAAA20-E21E-433A-9198-4DA173F356C5}.Release|x64.Build.0 = Release|Any CPU
		{33EAAA20-E21E-433A-9198-4DA173F356C5}.Release|x86.ActiveCfg = Release|Any CPU
		{33EAAA20-E21E-433A-9198-4DA173F356C5}.Release|x86.Build.0 = Release|Any CPU
	EndGlobalSection
	GlobalSection(SolutionProperties) = preSolution
		HideSolutionNode = FALSE
	EndGlobalSection
	GlobalSection(NestedProjects) = preSolution
		{C3C341A2-1F5C-4B49-93AC-FFB164DD69BA} = {827E0CD3-B72D-47B6-A68D-7590B98EB39B}
		{FE64EDAC-16FB-4563-883D-85918ACB7676} = {827E0CD3-B72D-47B6-A68D-7590B98EB39B}
		{33EAAA20-E21E-433A-9198-4DA173F356C5} = {0AB3BF05-4346-4AA6-1389-037BE0695223}
	EndGlobalSection
EndGlobal
